
Microsoft Visual Studio Solution File, Format Version 12.00
# Visual Studio Version 17
VisualStudioVersion = 17.4.33213.308
MinimumVisualStudioVersion = 10.0.40219.1
Project("{8BC9CEB8-8B4A-11D0-8D11-00A0C91BC942}") = "Hash2", "Hash2\Hash2.vcxproj", "{FE1EBA53-79F2-49DD-8A09-95C1E109E778}"
EndProject
Global
	GlobalSection(SolutionConfigurationPlatforms) = preSolution
		Debug|x64 = Debug|x64
		Debug|x86 = Debug|x86
		Release|x64 = Release|x64
		Release|x86 = Release|x86
	EndGlobalSection
	GlobalSection(ProjectConfigurationPlatforms) = postSolution
		{FE1EBA53-79F2-49DD-8A09-95C1E109E778}.Debug|x64.ActiveCfg = Debug|x64
		{FE1EBA53-79F2-49DD-8A09-95C1E109E778}.Debug|x64.Build.0 = Debug|x64
		{FE1EBA53-79F2-49DD-8A09-95C1E109E778}.Debug|x86.ActiveCfg = Debug|Win32
		{FE1EBA53-79F2-49DD-8A09-95C1E109E778}.Debug|x86.Build.0 = Debug|Win32
		{FE1EBA53-79F2-49DD-8A09-95C1E109E778}.Release|x64.ActiveCfg = Release|x64
		{FE1EBA53-79F2-49DD-8A09-95C1E109E778}.Release|x64.Build.0 = Release|x64
		{FE1EBA53-79F2-49DD-8A09-95C1E109E778}.Release|x86.ActiveCfg = Release|Win32
		{FE1EBA53-79F2-49DD-8A09-95C1E109E778}.Release|x86.Build.0 = Release|Win32
	EndGlobalSection
	GlobalSection(SolutionProperties) = preSolution
		HideSolutionNode = FALSE
	EndGlobalSection
	GlobalSection(ExtensibilityGlobals) = postSolution
		SolutionGuid = {DC13C0A1-AC74-4507-B4E1-C0736D08AD41}
	EndGlobalSection
EndGlobal
